// !$*UTF8*$!
{
	archiveVersion = 1;
	classes = {
	};
	objectVersion = 46;
	objects = {

/* Begin PBXBuildFile section */
		90EA3BC41B741A8E0000ADB3 /* AppDelegate.swift in Sources */ = {isa = PBXBuildFile; fileRef = 90EA3BC31B741A8E0000ADB3 /* AppDelegate.swift */; };
		90EA3BC61B741A8E0000ADB3 /* ViewController.swift in Sources */ = {isa = PBXBuildFile; fileRef = 90EA3BC51B741A8E0000ADB3 /* ViewController.swift */; };
		90EA3BC91B741A8E0000ADB3 /* Main.storyboard in Resources */ = {isa = PBXBuildFile; fileRef = 90EA3BC71B741A8E0000ADB3 /* Main.storyboard */; };
		90EA3BCB1B741A8E0000ADB3 /* Assets.xcassets in Resources */ = {isa = PBXBuildFile; fileRef = 90EA3BCA1B741A8E0000ADB3 /* Assets.xcassets */; };
		90EA3BCE1B741A8E0000ADB3 /* LaunchScreen.storyboard in Resources */ = {isa = PBXBuildFile; fileRef = 90EA3BCC1B741A8E0000ADB3 /* LaunchScreen.storyboard */; };
		90EA3BD91B741A8E0000ADB3 /* flash1Tests.swift in Sources */ = {isa = PBXBuildFile; fileRef = 90EA3BD81B741A8E0000ADB3 /* flash1Tests.swift */; };
		90EA3BE41B741A8E0000ADB3 /* flash1UITests.swift in Sources */ = {isa = PBXBuildFile; fileRef = 90EA3BE31B741A8E0000ADB3 /* flash1UITests.swift */; };
		90EA3BF41B74210A0000ADB3 /* NSString+Binary.m in Sources */ = {isa = PBXBuildFile; fileRef = 90EA3BF31B74210A0000ADB3 /* NSString+Binary.m */; };
		90EA3BF61B7427980000ADB3 /* FlashControl.swift in Sources */ = {isa = PBXBuildFile; fileRef = 90EA3BF51B7427980000ADB3 /* FlashControl.swift */; };
		90EA3C051B744AA90000ADB3 /* Utilities.m in Sources */ = {isa = PBXBuildFile; fileRef = 90EA3C041B744AA90000ADB3 /* Utilities.m */; };
/* End PBXBuildFile section */

/* Begin PBXContainerItemProxy section */
		90EA3BD51B741A8E0000ADB3 /* PBXContainerItemProxy */ = {
			isa = PBXContainerItemProxy;
			containerPortal = 90EA3BB81B741A8E0000ADB3 /* Project object */;
			proxyType = 1;
			remoteGlobalIDString = 90EA3BBF1B741A8E0000ADB3;
			remoteInfo = flash1;
		};
		90EA3BE01B741A8E0000ADB3 /* PBXContainerItemProxy */ = {
			isa = PBXContainerItemProxy;
			containerPortal = 90EA3BB81B741A8E0000ADB3 /* Project object */;
			proxyType = 1;
			remoteGlobalIDString = 90EA3BBF1B741A8E0000ADB3;
			remoteInfo = flash1;
		};
/* End PBXContainerItemProxy section */

/* Begin PBXFileReference section */
		90EA3BC01B741A8E0000ADB3 /* flash1.app */ = {isa = PBXFileReference; explicitFileType = wrapper.application; includeInIndex = 0; path = flash1.app; sourceTree = BUILT_PRODUCTS_DIR; };
		90EA3BC31B741A8E0000ADB3 /* AppDelegate.swift */ = {isa = PBXFileReference; lastKnownFileType = sourcecode.swift; path = AppDelegate.swift; sourceTree = "<group>"; };
		90EA3BC51B741A8E0000ADB3 /* ViewController.swift */ = {isa = PBXFileReference; lastKnownFileType = sourcecode.swift; path = ViewController.swift; sourceTree = "<group>"; };
		90EA3BC81B741A8E0000ADB3 /* Base */ = {isa = PBXFileReference; lastKnownFileType = file.storyboard; name = Base; path = Base.lproj/Main.storyboard; sourceTree = "<group>"; };
		90EA3BCA1B741A8E0000ADB3 /* Assets.xcassets */ = {isa = PBXFileReference; lastKnownFileType = folder.assetcatalog; path = Assets.xcassets; sourceTree = "<group>"; };
		90EA3BCD1B741A8E0000ADB3 /* Base */ = {isa = PBXFileReference; lastKnownFileType = file.storyboard; name = Base; path = Base.lproj/LaunchScreen.storyboard; sourceTree = "<group>"; };
		90EA3BCF1B741A8E0000ADB3 /* Info.plist */ = {isa = PBXFileReference; lastKnownFileType = text.plist.xml; path = Info.plist; sourceTree = "<group>"; };
		90EA3BD41B741A8E0000ADB3 /* flash1Tests.xctest */ = {isa = PBXFileReference; explicitFileType = wrapper.cfbundle; includeInIndex = 0; path = flash1Tests.xctest; sourceTree = BUILT_PRODUCTS_DIR; };
		90EA3BD81B741A8E0000ADB3 /* flash1Tests.swift */ = {isa = PBXFileReference; lastKnownFileType = sourcecode.swift; path = flash1Tests.swift; sourceTree = "<group>"; };
		90EA3BDA1B741A8E0000ADB3 /* Info.plist */ = {isa = PBXFileReference; lastKnownFileType = text.plist.xml; path = Info.plist; sourceTree = "<group>"; };
		90EA3BDF1B741A8E0000ADB3 /* flash1UITests.xctest */ = {isa = PBXFileReference; explicitFileType = wrapper.cfbundle; includeInIndex = 0; path = flash1UITests.xctest; sourceTree = BUILT_PRODUCTS_DIR; };
		90EA3BE31B741A8E0000ADB3 /* flash1UITests.swift */ = {isa = PBXFileReference; lastKnownFileType = sourcecode.swift; path = flash1UITests.swift; sourceTree = "<group>"; };
		90EA3BE51B741A8E0000ADB3 /* Info.plist */ = {isa = PBXFileReference; lastKnownFileType = text.plist.xml; path = Info.plist; sourceTree = "<group>"; };
		90EA3BF11B74210A0000ADB3 /* flash1-Bridging-Header.h */ = {isa = PBXFileReference; lastKnownFileType = sourcecode.c.h; path = "flash1-Bridging-Header.h"; sourceTree = "<group>"; };
		90EA3BF21B74210A0000ADB3 /* NSString+Binary.h */ = {isa = PBXFileReference; fileEncoding = 4; lastKnownFileType = sourcecode.c.h; path = "NSString+Binary.h"; sourceTree = "<group>"; };
		90EA3BF31B74210A0000ADB3 /* NSString+Binary.m */ = {isa = PBXFileReference; fileEncoding = 4; lastKnownFileType = sourcecode.c.objc; path = "NSString+Binary.m"; sourceTree = "<group>"; };
		90EA3BF51B7427980000ADB3 /* FlashControl.swift */ = {isa = PBXFileReference; fileEncoding = 4; lastKnownFileType = sourcecode.swift; path = FlashControl.swift; sourceTree = "<group>"; };
		90EA3C041B744AA90000ADB3 /* Utilities.m */ = {isa = PBXFileReference; fileEncoding = 4; lastKnownFileType = sourcecode.c.objc; path = Utilities.m; sourceTree = "<group>"; };
/* End PBXFileReference section */

/* Begin PBXFrameworksBuildPhase section */
		90EA3BBD1B741A8E0000ADB3 /* Frameworks */ = {
			isa = PBXFrameworksBuildPhase;
			buildActionMask = 2147483647;
			files = (
			);
			runOnlyForDeploymentPostprocessing = 0;
		};
		90EA3BD11B741A8E0000ADB3 /* Frameworks */ = {
			isa = PBXFrameworksBuildPhase;
			buildActionMask = 2147483647;
			files = (
			);
			runOnlyForDeploymentPostprocessing = 0;
		};
		90EA3BDC1B741A8E0000ADB3 /* Frameworks */ = {
			isa = PBXFrameworksBuildPhase;
			buildActionMask = 2147483647;
			files = (
			);
			runOnlyForDeploymentPostprocessing = 0;
		};
/* End PBXFrameworksBuildPhase section */

/* Begin PBXGroup section */
		90EA3BB71B741A8E0000ADB3 = {
			isa = PBXGroup;
			children = (
				90EA3BC21B741A8E0000ADB3 /* flash1 */,
				90EA3BD71B741A8E0000ADB3 /* flash1Tests */,
				90EA3BE21B741A8E0000ADB3 /* flash1UITests */,
				90EA3BC11B741A8E0000ADB3 /* Products */,
			);
			sourceTree = "<group>";
		};
		90EA3BC11B741A8E0000ADB3 /* Products */ = {
			isa = PBXGroup;
			children = (
				90EA3BC01B741A8E0000ADB3 /* flash1.app */,
				90EA3BD41B741A8E0000ADB3 /* flash1Tests.xctest */,
				90EA3BDF1B741A8E0000ADB3 /* flash1UITests.xctest */,
			);
			name = Products;
			sourceTree = "<group>";
		};
		90EA3BC21B741A8E0000ADB3 /* flash1 */ = {
			isa = PBXGroup;
			children = (
				90EA3BC31B741A8E0000ADB3 /* AppDelegate.swift */,
				90EA3BC51B741A8E0000ADB3 /* ViewController.swift */,
				90EA3BC71B741A8E0000ADB3 /* Main.storyboard */,
				90EA3BCA1B741A8E0000ADB3 /* Assets.xcassets */,
				90EA3BCC1B741A8E0000ADB3 /* LaunchScreen.storyboard */,
				90EA3BCF1B741A8E0000ADB3 /* Info.plist */,
				90EA3BF21B74210A0000ADB3 /* NSString+Binary.h */,
				90EA3BF31B74210A0000ADB3 /* NSString+Binary.m */,
				90EA3BF11B74210A0000ADB3 /* flash1-Bridging-Header.h */,
				90EA3BF51B7427980000ADB3 /* FlashControl.swift */,
				90EA3C041B744AA90000ADB3 /* Utilities.m */,
			);
			path = flash1;
			sourceTree = "<group>";
		};
		90EA3BD71B741A8E0000ADB3 /* flash1Tests */ = {
			isa = PBXGroup;
			children = (
				90EA3BD81B741A8E0000ADB3 /* flash1Tests.swift */,
				90EA3BDA1B741A8E0000ADB3 /* Info.plist */,
			);
			path = flash1Tests;
			sourceTree = "<group>";
		};
		90EA3BE21B741A8E0000ADB3 /* flash1UITests */ = {
			isa = PBXGroup;
			children = (
				90EA3BE31B741A8E0000ADB3 /* flash1UITests.swift */,
				90EA3BE51B741A8E0000ADB3 /* Info.plist */,
			);
			path = flash1UITests;
			sourceTree = "<group>";
		};
/* End PBXGroup section */

/* Begin PBXNativeTarget section */
		90EA3BBF1B741A8E0000ADB3 /* flash1 */ = {
			isa = PBXNativeTarget;
			buildConfigurationList = 90EA3BE81B741A8E0000ADB3 /* Build configuration list for PBXNativeTarget "flash1" */;
			buildPhases = (
				90EA3BBC1B741A8E0000ADB3 /* Sources */,
				90EA3BBD1B741A8E0000ADB3 /* Frameworks */,
				90EA3BBE1B741A8E0000ADB3 /* Resources */,
			);
			buildRules = (
			);
			dependencies = (
			);
			name = flash1;
			productName = flash1;
			productReference = 90EA3BC01B741A8E0000ADB3 /* flash1.app */;
			productType = "com.apple.product-type.application";
		};
		90EA3BD31B741A8E0000ADB3 /* flash1Tests */ = {
			isa = PBXNativeTarget;
			buildConfigurationList = 90EA3BEB1B741A8E0000ADB3 /* Build configuration list for PBXNativeTarget "flash1Tests" */;
			buildPhases = (
				90EA3BD01B741A8E0000ADB3 /* Sources */,
				90EA3BD11B741A8E0000ADB3 /* Frameworks */,
				90EA3BD21B741A8E0000ADB3 /* Resources */,
			);
			buildRules = (
			);
			dependencies = (
				90EA3BD61B741A8E0000ADB3 /* PBXTargetDependency */,
			);
			name = flash1Tests;
			productName = flash1Tests;
			productReference = 90EA3BD41B741A8E0000ADB3 /* flash1Tests.xctest */;
			productType = "com.apple.product-type.bundle.unit-test";
		};
		90EA3BDE1B741A8E0000ADB3 /* flash1UITests */ = {
			isa = PBXNativeTarget;
			buildConfigurationList = 90EA3BEE1B741A8E0000ADB3 /* Build configuration list for PBXNativeTarget "flash1UITests" */;
			buildPhases = (
				90EA3BDB1B741A8E0000ADB3 /* Sources */,
				90EA3BDC1B741A8E0000ADB3 /* Frameworks */,
				90EA3BDD1B741A8E0000ADB3 /* Resources */,
			);
			buildRules = (
			);
			dependencies = (
				90EA3BE11B741A8E0000ADB3 /* PBXTargetDependency */,
			);
			name = flash1UITests;
			productName = flash1UITests;
			productReference = 90EA3BDF1B741A8E0000ADB3 /* flash1UITests.xctest */;
			productType = "com.apple.product-type.bundle.ui-testing";
		};
/* End PBXNativeTarget section */

/* Begin PBXProject section */
		90EA3BB81B741A8E0000ADB3 /* Project object */ = {
			isa = PBXProject;
			attributes = {
				LastSwiftUpdateCheck = 0700;
				LastUpgradeCheck = 0700;
				ORGANIZATIONNAME = "Autokrator LLC";
				TargetAttributes = {
					90EA3BBF1B741A8E0000ADB3 = {
						CreatedOnToolsVersion = 7.0;
					};
					90EA3BD31B741A8E0000ADB3 = {
						CreatedOnToolsVersion = 7.0;
						TestTargetID = 90EA3BBF1B741A8E0000ADB3;
					};
					90EA3BDE1B741A8E0000ADB3 = {
						CreatedOnToolsVersion = 7.0;
						TestTargetID = 90EA3BBF1B741A8E0000ADB3;
					};
				};
			};
			buildConfigurationList = 90EA3BBB1B741A8E0000ADB3 /* Build configuration list for PBXProject "flash1" */;
			compatibilityVersion = "Xcode 3.2";
			developmentRegion = English;
			hasScannedForEncodings = 0;
			knownRegions = (
				en,
				Base,
			);
			mainGroup = 90EA3BB71B741A8E0000ADB3;
			productRefGroup = 90EA3BC11B741A8E0000ADB3 /* Products */;
			projectDirPath = "";
			projectRoot = "";
			targets = (
				90EA3BBF1B741A8E0000ADB3 /* flash1 */,
				90EA3BD31B741A8E0000ADB3 /* flash1Tests */,
				90EA3BDE1B741A8E0000ADB3 /* flash1UITests */,
			);
		};
/* End PBXProject section */

/* Begin PBXResourcesBuildPhase section */
		90EA3BBE1B741A8E0000ADB3 /* Resources */ = {
			isa = PBXResourcesBuildPhase;
			buildActionMask = 2147483647;
			files = (
				90EA3BCE1B741A8E0000ADB3 /* LaunchScreen.storyboard in Resources */,
				90EA3BCB1B741A8E0000ADB3 /* Assets.xcassets in Resources */,
				90EA3BC91B741A8E0000ADB3 /* Main.storyboard in Resources */,
			);
			runOnlyForDeploymentPostprocessing = 0;
		};
		90EA3BD21B741A8E0000ADB3 /* Resources */ = {
			isa = PBXResourcesBuildPhase;
			buildActionMask = 2147483647;
			files = (
			);
			runOnlyForDeploymentPostprocessing = 0;
		};
		90EA3BDD1B741A8E0000ADB3 /* Resources */ = {
			isa = PBXResourcesBuildPhase;
			buildActionMask = 2147483647;
			files = (
			);
			runOnlyForDeploymentPostprocessing = 0;
		};
/* End PBXResourcesBuildPhase section */

/* Begin PBXSourcesBuildPhase section */
		90EA3BBC1B741A8E0000ADB3 /* Sources */ = {
			isa = PBXSourcesBuildPhase;
			buildActionMask = 2147483647;
			files = (
				90EA3BC41B741A8E0000ADB3 /* AppDelegate.swift in Sources */,
				90EA3BF61B7427980000ADB3 /* FlashControl.swift in Sources */,
				90EA3BF41B74210A0000ADB3 /* NSString+Binary.m in Sources */,
				90EA3BC61B741A8E0000ADB3 /* ViewController.swift in Sources */,
				90EA3C051B744AA90000ADB3 /* Utilities.m in Sources */,
			);
			runOnlyForDeploymentPostprocessing = 0;
		};
		90EA3BD01B741A8E0000ADB3 /* Sources */ = {
			isa = PBXSourcesBuildPhase;
			buildActionMask = 2147483647;
			files = (
				90EA3BD91B741A8E0000ADB3 /* flash1Tests.swift in Sources */,
			);
			runOnlyForDeploymentPostprocessing = 0;
		};
		90EA3BDB1B741A8E0000ADB3 /* Sources */ = {
			isa = PBXSourcesBuildPhase;
			buildActionMask = 2147483647;
			files = (
				90EA3BE41B741A8E0000ADB3 /* flash1UITests.swift in Sources */,
			);
			runOnlyForDeploymentPostprocessing = 0;
		};
/* End PBXSourcesBuildPhase section */

/* Begin PBXTargetDependency section */
		90EA3BD61B741A8E0000ADB3 /* PBXTargetDependency */ = {
			isa = PBXTargetDependency;
			target = 90EA3BBF1B741A8E0000ADB3 /* flash1 */;
			targetProxy = 90EA3BD51B741A8E0000ADB3 /* PBXContainerItemProxy */;
		};
		90EA3BE11B741A8E0000ADB3 /* PBXTargetDependency */ = {
			isa = PBXTargetDependency;
			target = 90EA3BBF1B741A8E0000ADB3 /* flash1 */;
			targetProxy = 90EA3BE01B741A8E0000ADB3 /* PBXContainerItemProxy */;
		};
/* End PBXTargetDependency section */

/* Begin PBXVariantGroup section */
		90EA3BC71B741A8E0000ADB3 /* Main.storyboard */ = {
			isa = PBXVariantGroup;
			children = (
				90EA3BC81B741A8E0000ADB3 /* Base */,
			);
			name = Main.storyboard;
			sourceTree = "<group>";
		};
		90EA3BCC1B741A8E0000ADB3 /* LaunchScreen.storyboard */ = {
			isa = PBXVariantGroup;
			children = (
				90EA3BCD1B741A8E0000ADB3 /* Base */,
			);
			name = LaunchScreen.storyboard;
			sourceTree = "<group>";
		};
/* End PBXVariantGroup section */

/* Begin XCBuildConfiguration section */
		90EA3BE61B741A8E0000ADB3 /* Debug */ = {
			isa = XCBuildConfiguration;
			buildSettings = {
				ALWAYS_SEARCH_USER_PATHS = NO;
				CLANG_CXX_LANGUAGE_STANDARD = "gnu++0x";
				CLANG_CXX_LIBRARY = "libc++";
				CLANG_ENABLE_MODULES = YES;
				CLANG_ENABLE_OBJC_ARC = YES;
				CLANG_WARN_BOOL_CONVERSION = YES;
				CLANG_WARN_CONSTANT_CONVERSION = YES;
				CLANG_WARN_DIRECT_OBJC_ISA_USAGE = YES_ERROR;
				CLANG_WARN_EMPTY_BODY = YES;
				CLANG_WARN_ENUM_CONVERSION = YES;
				CLANG_WARN_INT_CONVERSION = YES;
				CLANG_WARN_OBJC_ROOT_CLASS = YES_ERROR;
				CLANG_WARN_UNREACHABLE_CODE = YES;
				CLANG_WARN__DUPLICATE_METHOD_MATCH = YES;
				"CODE_SIGN_IDENTITY[sdk=iphoneos*]" = "iPhone Developer";
				COPY_PHASE_STRIP = NO;
				DEBUG_INFORMATION_FORMAT = dwarf;
				ENABLE_STRICT_OBJC_MSGSEND = YES;
				ENABLE_TESTABILITY = YES;
				GCC_C_LANGUAGE_STANDARD = gnu99;
				GCC_DYNAMIC_NO_PIC = NO;
				GCC_NO_COMMON_BLOCKS = YES;
				GCC_OPTIMIZATION_LEVEL = 0;
				GCC_PREPROCESSOR_DEFINITIONS = (
					"DEBUG=1",
					"$(inherited)",
				);
				GCC_WARN_64_TO_32_BIT_CONVERSION = YES;
				GCC_WARN_ABOUT_RETURN_TYPE = YES_ERROR;
				GCC_WARN_UNDECLARED_SELECTOR = YES;
				GCC_WARN_UNINITIALIZED_AUTOS = YES_AGGRESSIVE;
				GCC_WARN_UNUSED_FUNCTION = YES;
				GCC_WARN_UNUSED_VARIABLE = YES;
				IPHONEOS_DEPLOYMENT_TARGET = 9.0;
				MTL_ENABLE_DEBUG_INFO = YES;
				ONLY_ACTIVE_ARCH = YES;
				SDKROOT = iphoneos;
				SWIFT_OPTIMIZATION_LEVEL = "-Onone";
				TARGETED_DEVICE_FAMILY = "1,2";
			};
			name = Debug;
		};
		90EA3BE71B741A8E0000ADB3 /* Release */ = {
			isa = XCBuildConfiguration;
			buildSettings = {
				ALWAYS_SEARCH_USER_PATHS = NO;
				CLANG_CXX_LANGUAGE_STANDARD = "gnu++0x";
				CLANG_CXX_LIBRARY = "libc++";
				CLANG_ENABLE_MODULES = YES;
				CLANG_ENABLE_OBJC_ARC = YES;
				CLANG_WARN_BOOL_CONVERSION = YES;
				CLANG_WARN_CONSTANT_CONVERSION = YES;
				CLANG_WARN_DIRECT_OBJC_ISA_USAGE = YES_ERROR;
				CLANG_WARN_EMPTY_BODY = YES;
				CLANG_WARN_ENUM_CONVERSION = YES;
				CLANG_WARN_INT_CONVERSION = YES;
				CLANG_WARN_OBJC_ROOT_CLASS = YES_ERROR;
				CLANG_WARN_UNREACHABLE_CODE = YES;
				CLANG_WARN__DUPLICATE_METHOD_MATCH = YES;
				"CODE_SIGN_IDENTITY[sdk=iphoneos*]" = "iPhone Developer";
				COPY_PHASE_STRIP = NO;
				DEBUG_INFORMATION_FORMAT = "dwarf-with-dsym";
				ENABLE_NS_ASSERTIONS = NO;
				ENABLE_STRICT_OBJC_MSGSEND = YES;
				GCC_C_LANGUAGE_STANDARD = gnu99;
				GCC_NO_COMMON_BLOCKS = YES;
				GCC_WARN_64_TO_32_BIT_CONVERSION = YES;
				GCC_WARN_ABOUT_RETURN_TYPE = YES_ERROR;
				GCC_WARN_UNDECLARED_SELECTOR = YES;
				GCC_WARN_UNINITIALIZED_AUTOS = YES_AGGRESSIVE;
				GCC_WARN_UNUSED_FUNCTION = YES;
				GCC_WARN_UNUSED_VARIABLE = YES;
				IPHONEOS_DEPLOYMENT_TARGET = 9.0;
				MTL_ENABLE_DEBUG_INFO = NO;
				SDKROOT = iphoneos;
				TARGETED_DEVICE_FAMILY = "1,2";
				VALIDATE_PRODUCT = YES;
			};
			name = Release;
		};
		90EA3BE91B741A8E0000ADB3 /* Debug */ = {
			isa = XCBuildConfiguration;
			buildSettings = {
				ASSETCATALOG_COMPILER_APPICON_NAME = AppIcon;
				CLANG_ENABLE_MODULES = YES;
				INFOPLIST_FILE = flash1/Info.plist;
				LD_RUNPATH_SEARCH_PATHS = "$(inherited) @executable_path/Frameworks";
				PRODUCT_BUNDLE_IDENTIFIER = com.autokrator.flash1;
				PRODUCT_NAME = "$(TARGET_NAME)";
				SWIFT_OBJC_BRIDGING_HEADER = "flash1/flash1-Bridging-Header.h";
				SWIFT_OPTIMIZATION_LEVEL = "-Onone";
			};
			name = Debug;
		};
		90EA3BEA1B741A8E0000ADB3 /* Release */ = {
			isa = XCBuildConfiguration;
			buildSettings = {
				ASSETCATALOG_COMPILER_APPICON_NAME = AppIcon;
				CLANG_ENABLE_MODULES = YES;
				INFOPLIST_FILE = flash1/Info.plist;
				LD_RUNPATH_SEARCH_PATHS = "$(inherited) @executable_path/Frameworks";
				PRODUCT_BUNDLE_IDENTIFIER = com.autokrator.flash1;
				PRODUCT_NAME = "$(TARGET_NAME)";
				SWIFT_OBJC_BRIDGING_HEADER = "flash1/flash1-Bridging-Header.h";
			};
			name = Release;
		};
		90EA3BEC1B741A8E0000ADB3 /* Debug */ = {
			isa = XCBuildConfiguration;
			buildSettings = {
				BUNDLE_LOADER = "$(TEST_HOST)";
				INFOPLIST_FILE = flash1Tests/Info.plist;
				LD_RUNPATH_SEARCH_PATHS = "$(inherited) @executable_path/Frameworks @loader_path/Frameworks";
				PRODUCT_BUNDLE_IDENTIFIER = com.autokrator.flash1Tests;
				PRODUCT_NAME = "$(TARGET_NAME)";
				TEST_HOST = "$(BUILT_PRODUCTS_DIR)/flash1.app/flash1";
			};
			name = Debug;
		};
		90EA3BED1B741A8E0000ADB3 /* Release */ = {
			isa = XCBuildConfiguration;
			buildSettings = {
				BUNDLE_LOADER = "$(TEST_HOST)";
				INFOPLIST_FILE = flash1Tests/Info.plist;
				LD_RUNPATH_SEARCH_PATHS = "$(inherited) @executable_path/Frameworks @loader_path/Frameworks";
				PRODUCT_BUNDLE_IDENTIFIER = com.autokrator.flash1Tests;
				PRODUCT_NAME = "$(TARGET_NAME)";
				TEST_HOST = "$(BUILT_PRODUCTS_DIR)/flash1.app/flash1";
			};
			name = Release;
		};
		90EA3BEF1B741A8E0000ADB3 /* Debug */ = {
			isa = XCBuildConfiguration;
			buildSettings = {
				INFOPLIST_FILE = flash1UITests/Info.plist;
				LD_RUNPATH_SEARCH_PATHS = "$(inherited) @executable_path/Frameworks @loader_path/Frameworks";
				PRODUCT_BUNDLE_IDENTIFIER = com.autokrator.flash1UITests;
				PRODUCT_NAME = "$(TARGET_NAME)";
				TEST_TARGET_NAME = flash1;
				USES_XCTRUNNER = YES;
			};
			name = Debug;
		};
		90EA3BF01B741A8E0000ADB3 /* Release */ = {
			isa = XCBuildConfiguration;
			buildSettings = {
				INFOPLIST_FILE = flash1UITests/Info.plist;
				LD_RUNPATH_SEARCH_PATHS = "$(inherited) @executable_path/Frameworks @loader_path/Frameworks";
				PRODUCT_BUNDLE_IDENTIFIER = com.autokrator.flash1UITests;
				PRODUCT_NAME = "$(TARGET_NAME)";
				TEST_TARGET_NAME = flash1;
				USES_XCTRUNNER = YES;
			};
			name = Release;
		};
/* End XCBuildConfiguration section */

/* Begin XCConfigurationList section */
		90EA3BBB1B741A8E0000ADB3 /* Build configuration list for PBXProject "flash1" */ = {
			isa = XCConfigurationList;
			buildConfigurations = (
				90EA3BE61B741A8E0000ADB3 /* Debug */,
				90EA3BE71B741A8E0000ADB3 /* Release */,
			);
			defaultConfigurationIsVisible = 0;
			defaultConfigurationName = Release;
		};
		90EA3BE81B741A8E0000ADB3 /* Build configuration list for PBXNativeTarget "flash1" */ = {
			isa = XCConfigurationList;
			buildConfigurations = (
				90EA3BE91B741A8E0000ADB3 /* Debug */,
				90EA3BEA1B741A8E0000ADB3 /* Release */,
			);
			defaultConfigurationIsVisible = 0;
		};
		90EA3BEB1B741A8E0000ADB3 /* Build configuration list for PBXNativeTarget "flash1Tests" */ = {
			isa = XCConfigurationList;
			buildConfigurations = (
				90EA3BEC1B741A8E0000ADB3 /* Debug */,
				90EA3BED1B741A8E0000ADB3 /* Release */,
			);
			defaultConfigurationIsVisible = 0;
		};
		90EA3BEE1B741A8E0000ADB3 /* Build configuration list for PBXNativeTarget "flash1UITests" */ = {
			isa = XCConfigurationList;
			buildConfigurations = (
				90EA3BEF1B741A8E0000ADB3 /* Debug */,
				90EA3BF01B741A8E0000ADB3 /* Release */,
			);
			defaultConfigurationIsVisible = 0;
		};
/* End XCConfigurationList section */
	};
	rootObject = 90EA3BB81B741A8E0000ADB3 /* Project object */;
}
